
Microsoft Visual Studio Solution File, Format Version 12.00
# Visual Studio Version 17
VisualStudioVersion = 17.5.33424.131
MinimumVisualStudioVersion = 10.0.40219.1
Project("{9A19103F-16F7-4668-BE54-9A1E7A4F7556}") = "SuperFarmer", "SuperFarmer\SuperFarmer.csproj", "{5BCE241D-7561-43FE-9197-3237D25731C7}"
EndProject
Project("{FAE04EC0-301F-11D3-BF4B-00C04F79EFBC}") = "GUI_SuperFarmer", "GUI_SuperFarmer\GUI_SuperFarmer.csproj", "{AB6B9925-3AA9-47FE-9E35-73BC8B4EB5E4}"
EndProject
Global
	GlobalSection(SolutionConfigurationPlatforms) = preSolution
		Debug|Any CPU = Debug|Any CPU
		Release|Any CPU = Release|Any CPU
	EndGlobalSection
	GlobalSection(ProjectConfigurationPlatforms) = postSolution
		{5BCE241D-7561-43FE-9197-3237D25731C7}.Debug|Any CPU.ActiveCfg = Debug|Any CPU
		{5BCE241D-7561-43FE-9197-3237D25731C7}.Debug|Any CPU.Build.0 = Debug|Any CPU
		{5BCE241D-7561-43FE-9197-3237D25731C7}.Release|Any CPU.ActiveCfg = Release|Any CPU
		{5BCE241D-7561-43FE-9197-3237D25731C7}.Release|Any CPU.Build.0 = Release|Any CPU
		{AB6B9925-3AA9-47FE-9E35-73BC8B4EB5E4}.Debug|Any CPU.ActiveCfg = Debug|Any CPU
		{AB6B9925-3AA9-47FE-9E35-73BC8B4EB5E4}.Debug|Any CPU.Build.0 = Debug|Any CPU
		{AB6B9925-3AA9-47FE-9E35-73BC8B4EB5E4}.Release|Any CPU.ActiveCfg = Release|Any CPU
		{AB6B9925-3AA9-47FE-9E35-73BC8B4EB5E4}.Release|Any CPU.Build.0 = Release|Any CPU
	EndGlobalSection
	GlobalSection(SolutionProperties) = preSolution
		HideSolutionNode = FALSE
	EndGlobalSection
	GlobalSection(ExtensibilityGlobals) = postSolution
		SolutionGuid = {074DC191-D52C-4D88-9869-848408B32CA0}
	EndGlobalSection
EndGlobal
